# THIS IS AN AUTOGENERATED FILE. DO NOT EDIT THIS FILE DIRECTLY.
# yarn lockfile v1


d@1, d@^1.0.1:
  version "1.0.1"
  resolved "https://registry.npm.taobao.org/d/download/d-1.0.1.tgz#8698095372d58dbee346ffd0c7093f99f8f9eb5a"
  integrity sha1-hpgJU3LVjb7jRv/Qxwk/mfj561o=
  dependencies:
    es5-ext "^0.10.50"
    type "^1.0.1"

debug@^2.2.0:
  version "2.6.9"
  resolved "https://registry.npm.taobao.org/debug/download/debug-2.6.9.tgz#5d128515df134ff327e90a4c93f4e077a536341f"
  integrity sha1-XRKFFd8TT/Mn6QpMk/Tgd6U2NB8=
  dependencies:
    ms "2.0.0"

deepmerge@^4.2.2:
  version "4.2.2"
  resolved "https://registry.npm.taobao.org/deepmerge/download/deepmerge-4.2.2.tgz#44d2ea3679b8f4d4ffba33f03d865fc1e7bf4955"
  integrity sha1-RNLqNnm49NT/ujPwPYZfwee/SVU=

dotenv@^8.2.0:
  version "8.2.0"
  resolved "https://registry.npm.taobao.org/dotenv/download/dotenv-8.2.0.tgz#97e619259ada750eea3e4ea3e26bceea5424b16a"
  integrity sha1-l+YZJZradQ7qPk6j4mvO6lQksWo=

es5-ext@^0.10.35, es5-ext@^0.10.50:
  version "0.10.53"
  resolved "https://registry.npm.taobao.org/es5-ext/download/es5-ext-0.10.53.tgz#93c5a3acfdbef275220ad72644ad02ee18368de1"
  integrity sha1-k8WjrP2+8nUiCtcmRK0C7hg2jeE=
  dependencies:
    es6-iterator "~2.0.3"
    es6-symbol "~3.1.3"
    next-tick "~1.0.0"

es6-iterator@~2.0.3:
  version "2.0.3"
  resolved "https://registry.npm.taobao.org/es6-iterator/download/es6-iterator-2.0.3.tgz#a7de889141a05a94b0854403b2d0a0fbfa98f3b7"
  integrity sha1-p96IkUGgWpSwhUQDstCg+/qY87c=
  dependencies:
    d "1"
    es5-ext "^0.10.35"
    es6-symbol "^3.1.1"

es6-symbol@^3.1.1, es6-symbol@~3.1.3:
  version "3.1.3"
  resolved "https://registry.npm.taobao.org/es6-symbol/download/es6-symbol-3.1.3.tgz#bad5d3c1bcdac28269f4cb331e431c78ac705d18"
  integrity sha1-utXTwbzawoJp9MszHkMceKxwXRg=
  dependencies:
    d "^1.0.1"
    ext "^1.1.2"

events@^3.1.0:
  version "3.1.0"
  resolved "https://registry.npm.taobao.org/events/download/events-3.1.0.tgz#84279af1b34cb75aa88bf5ff291f6d0bd9b31a59"
  integrity sha1-hCea8bNMt1qoi/X/KR9tC9mzGlk=

ext@^1.1.2:
  version "1.4.0"
  resolved "https://registry.npm.taobao.org/ext/download/ext-1.4.0.tgz#89ae7a07158f79d35517882904324077e4379244"
  integrity sha1-ia56BxWPedNVF4gpBDJAd+Q3kkQ=
  dependencies:
    type "^2.0.0"

is-typedarray@^1.0.0:
  version "1.0.0"
  resolved "https://registry.npm.taobao.org/is-typedarray/download/is-typedarray-1.0.0.tgz#e479c80858df0c1b11ddda6940f96011fcda4a9a"
  integrity sha1-5HnICFjfDBsR3dppQPlgEfzaSpo=

jsonschema@^1.2.6:
  version "1.2.6"
  resolved "https://registry.npm.taobao.org/jsonschema/download/jsonschema-1.2.6.tgz#52b0a8e9dc06bbae7295249d03e4b9faee8a0c0b"
  integrity sha1-UrCo6dwGu65ylSSdA+S5+u6KDAs=

jwt-decode@^2.2.0:
  version "2.2.0"
  resolved "https://registry.npm.taobao.org/jwt-decode/download/jwt-decode-2.2.0.tgz#7d86bd56679f58ce6a84704a657dd392bba81a79"
  integrity sha1-fYa9VmefWM5qhHBKZX3TkruoGnk=

ms@2.0.0:
  version "2.0.0"
  resolved "https://registry.npm.taobao.org/ms/download/ms-2.0.0.tgz#5608aeadfc00be6c2901df5f9861788de0d597c8"
  integrity sha1-VgiurfwAvmwpAd9fmGF4jeDVl8g=

nan@^2.14.0:
  version "2.14.1"
  resolved "https://registry.npm.taobao.org/nan/download/nan-2.14.1.tgz#d7be34dfa3105b91494c3147089315eff8874b01"
  integrity sha1-174036MQW5FJTDFHCJMV7/iHSwE=

next-tick@~1.0.0:
  version "1.0.0"
  resolved "https://registry.npm.taobao.org/next-tick/download/next-tick-1.0.0.tgz#ca86d1fe8828169b0120208e3dc8424b9db8342c"
  integrity sha1-yobR/ogoFpsBICCOPchCS524NCw=

node-fetch@^2.6.1:
  version "2.6.1"
  resolved "https://registry.yarnpkg.com/node-fetch/-/node-fetch-2.6.1.tgz#045bd323631f76ed2e2b55573394416b639a0052"
  integrity sha512-V4aYg89jEoVRxRb2fJdAg8FHvI7cEyYdVAh94HH0UIK8oJxUfkjlDQN9RbMx+bEjP7+ggMiFRprSti032Oipxw==

type@^1.0.1:
  version "1.2.0"
  resolved "https://registry.npm.taobao.org/type/download/type-1.2.0.tgz#848dd7698dafa3e54a6c479e759c4bc3f18847a0"
  integrity sha1-hI3XaY2vo+VKbEeedZxLw/GIR6A=

type@^2.0.0:
  version "2.0.0"
  resolved "https://registry.npm.taobao.org/type/download/type-2.0.0.tgz#5f16ff6ef2eb44f260494dae271033b29c09a9c3"
  integrity sha1-Xxb/bvLrRPJgSU2uJxAzspwJqcM=

typedarray-to-buffer@^3.1.5:
  version "3.1.5"
  resolved "https://registry.npm.taobao.org/typedarray-to-buffer/download/typedarray-to-buffer-3.1.5.tgz#a97ee7a9ff42691b9f783ff1bc5112fe3fca9080"
  integrity sha1-qX7nqf9CaRufeD/xvFES/j/KkIA=
  dependencies:
    is-typedarray "^1.0.0"

uuid@^8.1.0:
  version "8.1.0"
  resolved "https://registry.npm.taobao.org/uuid/download/uuid-8.1.0.tgz#6f1536eb43249f473abc6bd58ff983da1ca30d8d"
  integrity sha1-bxU260Mkn0c6vGvVj/mD2hyjDY0=

websocket@^1.0.31:
  version "1.0.31"
  resolved "https://registry.npm.taobao.org/websocket/download/websocket-1.0.31.tgz#e5d0f16c3340ed87670e489ecae6144c79358730"
  integrity sha1-5dDxbDNA7YdnDkieyuYUTHk1hzA=
  dependencies:
    debug "^2.2.0"
    es5-ext "^0.10.50"
    nan "^2.14.0"
    typedarray-to-buffer "^3.1.5"
    yaeti "^0.0.6"

yaeti@^0.0.6:
  version "0.0.6"
  resolved "https://registry.npm.taobao.org/yaeti/download/yaeti-0.0.6.tgz#f26f484d72684cf42bedfb76970aa1608fbf9577"
  integrity sha1-8m9ITXJoTPQr7ft2lwqhYI+/lXc=
